// !$*UTF8*$!
{
	archiveVersion = 1;
	classes = {
	};
	objectVersion = 77;
	objects = {

/* Begin PBXBuildFile section */
		EC157D322FBEED7E00195C22 /* Assets.xcassets in Resources */ = {isa = PBXBuildFile; fileRef = EC157D2B2FBEED7E00195C22 /* Assets.xcassets */; };
		EC157D342FBEED7E00195C22 /* MultipeerConnectivityView.swift in Sources */ = {isa = PBXBuildFile; fileRef = EC157D2C2FBEED7E00195C22 /* MultipeerConnectivityView.swift */; };
		EC157D362FBEED7E00195C22 /* MultipeerConnectivityManager.swift in Sources */ = {isa = PBXBuildFile; fileRef = EC157D2F2FBEED7E00195C22 /* MultipeerConnectivityManager.swift */; };
		EC157D372FBEED7E00195C22 /* PeerInvitationAlertModifier.swift in Sources */ = {isa = PBXBuildFile; fileRef = EC157D302FBEED7E00195C22 /* PeerInvitationAlertModifier.swift */; };
		EC157D392FBEFA4F00195C22 /* ChatView.swift in Sources */ = {isa = PBXBuildFile; fileRef = EC157D382FBEFA4F00195C22 /* ChatView.swift */; };
		EC16CE932FC2BA7F00F318F9 /* ChatMessage.swift in Sources */ = {isa = PBXBuildFile; fileRef = EC16CE912FC2BA7F00F318F9 /* ChatMessage.swift */; };
		EC16CE982FC2BCDB00F318F9 /* Multipeer_Connectivity_ExampleApp.swift in Sources */ = {isa = PBXBuildFile; fileRef = EC16CE952FC2BCDB00F318F9 /* Multipeer_Connectivity_ExampleApp.swift */; };
		EC16CE992FC2BCDB00F318F9 /* Multipeer-Connectivity-Example-Info.plist in Resources */ = {isa = PBXBuildFile; fileRef = EC16CE962FC2BCDB00F318F9 /* Multipeer-Connectivity-Example-Info.plist */; };
		EC16CEA32FC2C02300F318F9 /* View+Extension.swift in Sources */ = {isa = PBXBuildFile; fileRef = EC16CEA12FC2C02300F318F9 /* View+Extension.swift */; };
/* End PBXBuildFile section */

/* Begin PBXContainerItemProxy section */
		EC4B91BD2FBB3404004552F5 /* PBXContainerItemProxy */ = {
			isa = PBXContainerItemProxy;
			containerPortal = EC4B91A72FBB3403004552F5 /* Project object */;
			proxyType = 1;
			remoteGlobalIDString = EC4B91AE2FBB3403004552F5;
			remoteInfo = "Multipeer Connectivity Example";
		};
		EC4B91C72FBB3404004552F5 /* PBXContainerItemProxy */ = {
			isa = PBXContainerItemProxy;
			containerPortal = EC4B91A72FBB3403004552F5 /* Project object */;
			proxyType = 1;
			remoteGlobalIDString = EC4B91AE2FBB3403004552F5;
			remoteInfo = "Multipeer Connectivity Example";
		};
/* End PBXContainerItemProxy section */

/* Begin PBXFileReference section */
		EC157D2B2FBEED7E00195C22 /* Assets.xcassets */ = {isa = PBXFileReference; lastKnownFileType = folder.assetcatalog; path = Assets.xcassets; sourceTree = "<group>"; };
		EC157D2C2FBEED7E00195C22 /* MultipeerConnectivityView.swift */ = {isa = PBXFileReference; lastKnownFileType = sourcecode.swift; path = MultipeerConnectivityView.swift; sourceTree = "<group>"; };
		EC157D2F2FBEED7E00195C22 /* MultipeerConnectivityManager.swift */ = {isa = PBXFileReference; lastKnownFileType = sourcecode.swift; path = MultipeerConnectivityManager.swift; sourceTree = "<group>"; };
		EC157D302FBEED7E00195C22 /* PeerInvitationAlertModifier.swift */ = {isa = PBXFileReference; lastKnownFileType = sourcecode.swift; path = PeerInvitationAlertModifier.swift; sourceTree = "<group>"; };
		EC157D382FBEFA4F00195C22 /* ChatView.swift */ = {isa = PBXFileReference; lastKnownFileType = sourcecode.swift; path = ChatView.swift; sourceTree = "<group>"; };
		EC16CE912FC2BA7F00F318F9 /* ChatMessage.swift */ = {isa = PBXFileReference; lastKnownFileType = sourcecode.swift; path = ChatMessage.swift; sourceTree = "<group>"; };
		EC16CE952FC2BCDB00F318F9 /* Multipeer_Connectivity_ExampleApp.swift */ = {isa = PBXFileReference; lastKnownFileType = sourcecode.swift; path = Multipeer_Connectivity_ExampleApp.swift; sourceTree = "<group>"; };
		EC16CE962FC2BCDB00F318F9 /* Multipeer-Connectivity-Example-Info.plist */ = {isa = PBXFileReference; lastKnownFileType = text.plist.xml; path = "Multipeer-Connectivity-Example-Info.plist"; sourceTree = "<group>"; };
		EC16CEA12FC2C02300F318F9 /* View+Extension.swift */ = {isa = PBXFileReference; lastKnownFileType = sourcecode.swift; path = "View+Extension.swift"; sourceTree = "<group>"; };
		EC4B91AF2FBB3403004552F5 /* Multipeer Connectivity Example.app */ = {isa = PBXFileReference; explicitFileType = wrapper.application; includeInIndex = 0; path = "Multipeer Connectivity Example.app"; sourceTree = BUILT_PRODUCTS_DIR; };
		EC4B91BC2FBB3404004552F5 /* Multipeer Connectivity ExampleTests.xctest */ = {isa = PBXFileReference; explicitFileType = wrapper.cfbundle; includeInIndex = 0; path = "Multipeer Connectivity ExampleTests.xctest"; sourceTree = BUILT_PRODUCTS_DIR; };
		EC4B91C62FBB3404004552F5 /* Multipeer Connectivity ExampleUITests.xctest */ = {isa = PBXFileReference; explicitFileType = wrapper.cfbundle; includeInIndex = 0; path = "Multipeer Connectivity ExampleUITests.xctest"; sourceTree = BUILT_PRODUCTS_DIR; };
/* End PBXFileReference section */

/* Begin PBXFrameworksBuildPhase section */
		EC4B91AC2FBB3403004552F5 /* Frameworks */ = {
			isa = PBXFrameworksBuildPhase;
			buildActionMask = 2147483647;
			files = (
			);
			runOnlyForDeploymentPostprocessing = 0;
		};
		EC4B91B92FBB3404004552F5 /* Frameworks */ = {
			isa = PBXFrameworksBuildPhase;
			buildActionMask = 2147483647;
			files = (
			);
			runOnlyForDeploymentPostprocessing = 0;
		};
		EC4B91C32FBB3404004552F5 /* Frameworks */ = {
			isa = PBXFrameworksBuildPhase;
			buildActionMask = 2147483647;
			files = (
			);
			runOnlyForDeploymentPostprocessing = 0;
		};
/* End PBXFrameworksBuildPhase section */

/* Begin PBXGroup section */
		EC157D312FBEED7E00195C22 /* Multipeer Connectivity Example */ = {
			isa = PBXGroup;
			children = (
				EC16CE972FC2BCDB00F318F9 /* Application */,
				EC16CE922FC2BA7F00F318F9 /* Model */,
				EC16CE8B2FC2B98C00F318F9 /* View */,
				EC16CE9A2FC2BD1900F318F9 /* Manager */,
				EC16CE9D2FC2C00500F318F9 /* Global */,
				EC16CE9C2FC2BD3000F318F9 /* Resource */,
			);
			path = "Multipeer Connectivity Example";
			sourceTree = "<group>";
		};
		EC16CE8B2FC2B98C00F318F9 /* View */ = {
			isa = PBXGroup;
			children = (
				EC157D2C2FBEED7E00195C22 /* MultipeerConnectivityView.swift */,
				EC157D382FBEFA4F00195C22 /* ChatView.swift */,
			);
			path = View;
			sourceTree = "<group>";
		};
		EC16CE922FC2BA7F00F318F9 /* Model */ = {
			isa = PBXGroup;
			children = (
				EC16CE912FC2BA7F00F318F9 /* ChatMessage.swift */,
			);
			path = Model;
			sourceTree = "<group>";
		};
		EC16CE972FC2BCDB00F318F9 /* Application */ = {
			isa = PBXGroup;
			children = (
				EC16CE952FC2BCDB00F318F9 /* Multipeer_Connectivity_ExampleApp.swift */,
				EC16CE962FC2BCDB00F318F9 /* Multipeer-Connectivity-Example-Info.plist */,
			);
			path = Application;
			sourceTree = "<group>";
		};
		EC16CE9A2FC2BD1900F318F9 /* Manager */ = {
			isa = PBXGroup;
			children = (
				EC157D2F2FBEED7E00195C22 /* MultipeerConnectivityManager.swift */,
			);
			path = Manager;
			sourceTree = "<group>";
		};
		EC16CE9B2FC2BD2900F318F9 /* Modifier */ = {
			isa = PBXGroup;
			children = (
				EC157D302FBEED7E00195C22 /* PeerInvitationAlertModifier.swift */,
			);
			path = Modifier;
			sourceTree = "<group>";
		};
		EC16CE9C2FC2BD3000F318F9 /* Resource */ = {
			isa = PBXGroup;
			children = (
				EC157D2B2FBEED7E00195C22 /* Assets.xcassets */,
			);
			path = Resource;
			sourceTree = "<group>";
		};
		EC16CE9D2FC2C00500F318F9 /* Global */ = {
			isa = PBXGroup;
			children = (
				EC16CEA22FC2C02300F318F9 /* Extension */,
				EC16CE9B2FC2BD2900F318F9 /* Modifier */,
			);
			path = Global;
			sourceTree = "<group>";
		};
		EC16CEA22FC2C02300F318F9 /* Extension */ = {
			isa = PBXGroup;
			children = (
				EC16CEA12FC2C02300F318F9 /* View+Extension.swift */,
			);
			path = Extension;
			sourceTree = "<group>";
		};
		EC4B91A62FBB3403004552F5 = {
			isa = PBXGroup;
			children = (
				EC157D312FBEED7E00195C22 /* Multipeer Connectivity Example */,
				EC4B91B02FBB3403004552F5 /* Products */,
			);
			sourceTree = "<group>";
		};
		EC4B91B02FBB3403004552F5 /* Products */ = {
			isa = PBXGroup;
			children = (
				EC4B91AF2FBB3403004552F5 /* Multipeer Connectivity Example.app */,
				EC4B91BC2FBB3404004552F5 /* Multipeer Connectivity ExampleTests.xctest */,
				EC4B91C62FBB3404004552F5 /* Multipeer Connectivity ExampleUITests.xctest */,
			);
			name = Products;
			sourceTree = "<group>";
		};
/* End PBXGroup section */

/* Begin PBXNativeTarget section */
		EC4B91AE2FBB3403004552F5 /* Multipeer Connectivity Example */ = {
			isa = PBXNativeTarget;
			buildConfigurationList = EC4B91D02FBB3404004552F5 /* Build configuration list for PBXNativeTarget "Multipeer Connectivity Example" */;
			buildPhases = (
				EC4B91AB2FBB3403004552F5 /* Sources */,
				EC4B91AC2FBB3403004552F5 /* Frameworks */,
				EC4B91AD2FBB3403004552F5 /* Resources */,
			);
			buildRules = (
			);
			dependencies = (
			);
			name = "Multipeer Connectivity Example";
			packageProductDependencies = (
			);
			productName = "Multipeer Connectivity Example";
			productReference = EC4B91AF2FBB3403004552F5 /* Multipeer Connectivity Example.app */;
			productType = "com.apple.product-type.application";
		};
		EC4B91BB2FBB3404004552F5 /* Multipeer Connectivity ExampleTests */ = {
			isa = PBXNativeTarget;
			buildConfigurationList = EC4B91D32FBB3404004552F5 /* Build configuration list for PBXNativeTarget "Multipeer Connectivity ExampleTests" */;
			buildPhases = (
				EC4B91B82FBB3404004552F5 /* Sources */,
				EC4B91B92FBB3404004552F5 /* Frameworks */,
				EC4B91BA2FBB3404004552F5 /* Resources */,
			);
			buildRules = (
			);
			dependencies = (
				EC4B91BE2FBB3404004552F5 /* PBXTargetDependency */,
			);
			name = "Multipeer Connectivity ExampleTests";
			packageProductDependencies = (
			);
			productName = "Multipeer Connectivity ExampleTests";
			productReference = EC4B91BC2FBB3404004552F5 /* Multipeer Connectivity ExampleTests.xctest */;
			productType = "com.apple.product-type.bundle.unit-test";
		};
		EC4B91C52FBB3404004552F5 /* Multipeer Connectivity ExampleUITests */ = {
			isa = PBXNativeTarget;
			buildConfigurationList = EC4B91D62FBB3404004552F5 /* Build configuration list for PBXNativeTarget "Multipeer Connectivity ExampleUITests" */;
			buildPhases = (
				EC4B91C22FBB3404004552F5 /* Sources */,
				EC4B91C32FBB3404004552F5 /* Frameworks */,
				EC4B91C42FBB3404004552F5 /* Resources */,
			);
			buildRules = (
			);
			dependencies = (
				EC4B91C82FBB3404004552F5 /* PBXTargetDependency */,
			);
			name = "Multipeer Connectivity ExampleUITests";
			packageProductDependencies = (
			);
			productName = "Multipeer Connectivity ExampleUITests";
			productReference = EC4B91C62FBB3404004552F5 /* Multipeer Connectivity ExampleUITests.xctest */;
			productType = "com.apple.product-type.bundle.ui-testing";
		};
/* End PBXNativeTarget section */

/* Begin PBXProject section */
		EC4B91A72FBB3403004552F5 /* Project object */ = {
			isa = PBXProject;
			attributes = {
				BuildIndependentTargetsInParallel = 1;
				LastSwiftUpdateCheck = 2640;
				LastUpgradeCheck = 2640;
				TargetAttributes = {
					EC4B91AE2FBB3403004552F5 = {
						CreatedOnToolsVersion = 26.4.1;
					};
					EC4B91BB2FBB3404004552F5 = {
						CreatedOnToolsVersion = 26.4.1;
						TestTargetID = EC4B91AE2FBB3403004552F5;
					};
					EC4B91C52FBB3404004552F5 = {
						CreatedOnToolsVersion = 26.4.1;
						TestTargetID = EC4B91AE2FBB3403004552F5;
					};
				};
			};
			buildConfigurationList = EC4B91AA2FBB3403004552F5 /* Build configuration list for PBXProject "Multipeer Connectivity Example" */;
			developmentRegion = en;
			hasScannedForEncodings = 0;
			knownRegions = (
				en,
				Base,
			);
			mainGroup = EC4B91A62FBB3403004552F5;
			minimizedProjectReferenceProxies = 1;
			preferredProjectObjectVersion = 77;
			productRefGroup = EC4B91B02FBB3403004552F5 /* Products */;
			projectDirPath = "";
			projectRoot = "";
			targets = (
				EC4B91AE2FBB3403004552F5 /* Multipeer Connectivity Example */,
				EC4B91BB2FBB3404004552F5 /* Multipeer Connectivity ExampleTests */,
				EC4B91C52FBB3404004552F5 /* Multipeer Connectivity ExampleUITests */,
			);
		};
/* End PBXProject section */

/* Begin PBXResourcesBuildPhase section */
		EC4B91AD2FBB3403004552F5 /* Resources */ = {
			isa = PBXResourcesBuildPhase;
			buildActionMask = 2147483647;
			files = (
				EC16CE992FC2BCDB00F318F9 /* Multipeer-Connectivity-Example-Info.plist in Resources */,
				EC157D322FBEED7E00195C22 /* Assets.xcassets in Resources */,
			);
			runOnlyForDeploymentPostprocessing = 0;
		};
		EC4B91BA2FBB3404004552F5 /* Resources */ = {
			isa = PBXResourcesBuildPhase;
			buildActionMask = 2147483647;
			files = (
			);
			runOnlyForDeploymentPostprocessing = 0;
		};
		EC4B91C42FBB3404004552F5 /* Resources */ = {
			isa = PBXResourcesBuildPhase;
			buildActionMask = 2147483647;
			files = (
			);
			runOnlyForDeploymentPostprocessing = 0;
		};
/* End PBXResourcesBuildPhase section */

/* Begin PBXSourcesBuildPhase section */
		EC4B91AB2FBB3403004552F5 /* Sources */ = {
			isa = PBXSourcesBuildPhase;
			buildActionMask = 2147483647;
			files = (
				EC157D342FBEED7E00195C22 /* MultipeerConnectivityView.swift in Sources */,
				EC16CE982FC2BCDB00F318F9 /* Multipeer_Connectivity_ExampleApp.swift in Sources */,
				EC157D392FBEFA4F00195C22 /* ChatView.swift in Sources */,
				EC16CE932FC2BA7F00F318F9 /* ChatMessage.swift in Sources */,
				EC157D362FBEED7E00195C22 /* MultipeerConnectivityManager.swift in Sources */,
				EC16CEA32FC2C02300F318F9 /* View+Extension.swift in Sources */,
				EC157D372FBEED7E00195C22 /* PeerInvitationAlertModifier.swift in Sources */,
			);
			runOnlyForDeploymentPostprocessing = 0;
		};
		EC4B91B82FBB3404004552F5 /* Sources */ = {
			isa = PBXSourcesBuildPhase;
			buildActionMask = 2147483647;
			files = (
			);
			runOnlyForDeploymentPostprocessing = 0;
		};
		EC4B91C22FBB3404004552F5 /* Sources */ = {
			isa = PBXSourcesBuildPhase;
			buildActionMask = 2147483647;
			files = (
			);
			runOnlyForDeploymentPostprocessing = 0;
		};
/* End PBXSourcesBuildPhase section */

/* Begin PBXTargetDependency section */
		EC4B91BE2FBB3404004552F5 /* PBXTargetDependency */ = {
			isa = PBXTargetDependency;
			target = EC4B91AE2FBB3403004552F5 /* Multipeer Connectivity Example */;
			targetProxy = EC4B91BD2FBB3404004552F5 /* PBXContainerItemProxy */;
		};
		EC4B91C82FBB3404004552F5 /* PBXTargetDependency */ = {
			isa = PBXTargetDependency;
			target = EC4B91AE2FBB3403004552F5 /* Multipeer Connectivity Example */;
			targetProxy = EC4B91C72FBB3404004552F5 /* PBXContainerItemProxy */;
		};
/* End PBXTargetDependency section */

/* Begin XCBuildConfiguration section */
		EC4B91CE2FBB3404004552F5 /* Debug */ = {
			isa = XCBuildConfiguration;
			buildSettings = {
				ALWAYS_SEARCH_USER_PATHS = NO;
				ASSETCATALOG_COMPILER_GENERATE_SWIFT_ASSET_SYMBOL_EXTENSIONS = YES;
				CLANG_ANALYZER_NONNULL = YES;
				CLANG_ANALYZER_NUMBER_OBJECT_CONVERSION = YES_AGGRESSIVE;
				CLANG_CXX_LANGUAGE_STANDARD = "gnu++20";
				CLANG_ENABLE_MODULES = YES;
				CLANG_ENABLE_OBJC_ARC = YES;
				CLANG_ENABLE_OBJC_WEAK = YES;
				CLANG_WARN_BLOCK_CAPTURE_AUTORELEASING = YES;
				CLANG_WARN_BOOL_CONVERSION = YES;
				CLANG_WARN_COMMA = YES;
				CLANG_WARN_CONSTANT_CONVERSION = YES;
				CLANG_WARN_DEPRECATED_OBJC_IMPLEMENTATIONS = YES;
				CLANG_WARN_DIRECT_OBJC_ISA_USAGE = YES_ERROR;
				CLANG_WARN_DOCUMENTATION_COMMENTS = YES;
				CLANG_WARN_EMPTY_BODY = YES;
				CLANG_WARN_ENUM_CONVERSION = YES;
				CLANG_WARN_INFINITE_RECURSION = YES;
				CLANG_WARN_INT_CONVERSION = YES;
				CLANG_WARN_NON_LITERAL_NULL_CONVERSION = YES;
				CLANG_WARN_OBJC_IMPLICIT_RETAIN_SELF = YES;
				CLANG_WARN_OBJC_LITERAL_CONVERSION = YES;
				CLANG_WARN_OBJC_ROOT_CLASS = YES_ERROR;
				CLANG_WARN_QUOTED_INCLUDE_IN_FRAMEWORK_HEADER = YES;
				CLANG_WARN_RANGE_LOOP_ANALYSIS = YES;
				CLANG_WARN_STRICT_PROTOTYPES = YES;
				CLANG_WARN_SUSPICIOUS_MOVE = YES;
				CLANG_WARN_UNGUARDED_AVAILABILITY = YES_AGGRESSIVE;
				CLANG_WARN_UNREACHABLE_CODE = YES;
				CLANG_WARN__DUPLICATE_METHOD_MATCH = YES;
				COPY_PHASE_STRIP = NO;
				DEBUG_INFORMATION_FORMAT = dwarf;
				DEVELOPMENT_TEAM = AT9KX3ZBW6;
				ENABLE_STRICT_OBJC_MSGSEND = YES;
				ENABLE_TESTABILITY = YES;
				ENABLE_USER_SCRIPT_SANDBOXING = YES;
				GCC_C_LANGUAGE_STANDARD = gnu17;
				GCC_DYNAMIC_NO_PIC = NO;
				GCC_NO_COMMON_BLOCKS = YES;
				GCC_OPTIMIZATION_LEVEL = 0;
				GCC_PREPROCESSOR_DEFINITIONS = (
					"DEBUG=1",
					"$(inherited)",
				);
				GCC_WARN_64_TO_32_BIT_CONVERSION = YES;
				GCC_WARN_ABOUT_RETURN_TYPE = YES_ERROR;
				GCC_WARN_UNDECLARED_SELECTOR = YES;
				GCC_WARN_UNINITIALIZED_AUTOS = YES_AGGRESSIVE;
				GCC_WARN_UNUSED_FUNCTION = YES;
				GCC_WARN_UNUSED_VARIABLE = YES;
				IPHONEOS_DEPLOYMENT_TARGET = 26.4;
				LOCALIZATION_PREFERS_STRING_CATALOGS = YES;
				MTL_ENABLE_DEBUG_INFO = INCLUDE_SOURCE;
				MTL_FAST_MATH = YES;
				ONLY_ACTIVE_ARCH = YES;
				SDKROOT = iphoneos;
				SWIFT_ACTIVE_COMPILATION_CONDITIONS = "DEBUG $(inherited)";
				SWIFT_OPTIMIZATION_LEVEL = "-Onone";
			};
			name = Debug;
		};
		EC4B91CF2FBB3404004552F5 /* Release */ = {
			isa = XCBuildConfiguration;
			buildSettings = {
				ALWAYS_SEARCH_USER_PATHS = NO;
				ASSETCATALOG_COMPILER_GENERATE_SWIFT_ASSET_SYMBOL_EXTENSIONS = YES;
				CLANG_ANALYZER_NONNULL = YES;
				CLANG_ANALYZER_NUMBER_OBJECT_CONVERSION = YES_AGGRESSIVE;
				CLANG_CXX_LANGUAGE_STANDARD = "gnu++20";
				CLANG_ENABLE_MODULES = YES;
				CLANG_ENABLE_OBJC_ARC = YES;
				CLANG_ENABLE_OBJC_WEAK = YES;
				CLANG_WARN_BLOCK_CAPTURE_AUTORELEASING = YES;
				CLANG_WARN_BOOL_CONVERSION = YES;
				CLANG_WARN_COMMA = YES;
				CLANG_WARN_CONSTANT_CONVERSION = YES;
				CLANG_WARN_DEPRECATED_OBJC_IMPLEMENTATIONS = YES;
				CLANG_WARN_DIRECT_OBJC_ISA_USAGE = YES_ERROR;
				CLANG_WARN_DOCUMENTATION_COMMENTS = YES;
				CLANG_WARN_EMPTY_BODY = YES;
				CLANG_WARN_ENUM_CONVERSION = YES;
				CLANG_WARN_INFINITE_RECURSION = YES;
				CLANG_WARN_INT_CONVERSION = YES;
				CLANG_WARN_NON_LITERAL_NULL_CONVERSION = YES;
				CLANG_WARN_OBJC_IMPLICIT_RETAIN_SELF = YES;
				CLANG_WARN_OBJC_LITERAL_CONVERSION = YES;
				CLANG_WARN_OBJC_ROOT_CLASS = YES_ERROR;
				CLANG_WARN_QUOTED_INCLUDE_IN_FRAMEWORK_HEADER = YES;
				CLANG_WARN_RANGE_LOOP_ANALYSIS = YES;
				CLANG_WARN_STRICT_PROTOTYPES = YES;
				CLANG_WARN_SUSPICIOUS_MOVE = YES;
				CLANG_WARN_UNGUARDED_AVAILABILITY = YES_AGGRESSIVE;
				CLANG_WARN_UNREACHABLE_CODE = YES;
				CLANG_WARN__DUPLICATE_METHOD_MATCH = YES;
				COPY_PHASE_STRIP = NO;
				DEBUG_INFORMATION_FORMAT = "dwarf-with-dsym";
				DEVELOPMENT_TEAM = AT9KX3ZBW6;
				ENABLE_NS_ASSERTIONS = NO;
				ENABLE_STRICT_OBJC_MSGSEND = YES;
				ENABLE_USER_SCRIPT_SANDBOXING = YES;
				GCC_C_LANGUAGE_STANDARD = gnu17;
				GCC_NO_COMMON_BLOCKS = YES;
				GCC_WARN_64_TO_32_BIT_CONVERSION = YES;
				GCC_WARN_ABOUT_RETURN_TYPE = YES_ERROR;
				GCC_WARN_UNDECLARED_SELECTOR = YES;
				GCC_WARN_UNINITIALIZED_AUTOS = YES_AGGRESSIVE;
				GCC_WARN_UNUSED_FUNCTION = YES;
				GCC_WARN_UNUSED_VARIABLE = YES;
				IPHONEOS_DEPLOYMENT_TARGET = 26.4;
				LOCALIZATION_PREFERS_STRING_CATALOGS = YES;
				MTL_ENABLE_DEBUG_INFO = NO;
				MTL_FAST_MATH = YES;
				SDKROOT = iphoneos;
				SWIFT_COMPILATION_MODE = wholemodule;
				VALIDATE_PRODUCT = YES;
			};
			name = Release;
		};
		EC4B91D12FBB3404004552F5 /* Debug */ = {
			isa = XCBuildConfiguration;
			buildSettings = {
				ASSETCATALOG_COMPILER_APPICON_NAME = AppIcon;
				ASSETCATALOG_COMPILER_GLOBAL_ACCENT_COLOR_NAME = AccentColor;
				CODE_SIGN_STYLE = Automatic;
				CURRENT_PROJECT_VERSION = 1;
				DEVELOPMENT_TEAM = AT9KX3ZBW6;
				ENABLE_PREVIEWS = YES;
				GENERATE_INFOPLIST_FILE = YES;
				INFOPLIST_FILE = "Multipeer-Connectivity-Example-Info.plist";
				INFOPLIST_KEY_NSLocalNetworkUsageDescription = "주변 기기와 데이터를 안전하게 주고받기 위해 로컬 네트워크 권한이 필요합니다.";
				INFOPLIST_KEY_UIApplicationSceneManifest_Generation = YES;
				INFOPLIST_KEY_UIApplicationSupportsIndirectInputEvents = YES;
				INFOPLIST_KEY_UILaunchScreen_Generation = YES;
				INFOPLIST_KEY_UISupportedInterfaceOrientations_iPad = "UIInterfaceOrientationPortrait UIInterfaceOrientationPortraitUpsideDown UIInterfaceOrientationLandscapeLeft UIInterfaceOrientationLandscapeRight";
				INFOPLIST_KEY_UISupportedInterfaceOrientations_iPhone = "UIInterfaceOrientationPortrait UIInterfaceOrientationLandscapeLeft UIInterfaceOrientationLandscapeRight";
				LD_RUNPATH_SEARCH_PATHS = (
					"$(inherited)",
					"@executable_path/Frameworks",
				);
				MARKETING_VERSION = 1.0;
				PRODUCT_BUNDLE_IDENTIFIER = "com.rossi.Multipeer-Connectivity-Example";
				PRODUCT_NAME = "$(TARGET_NAME)";
				STRING_CATALOG_GENERATE_SYMBOLS = YES;
				SWIFT_APPROACHABLE_CONCURRENCY = YES;
				SWIFT_DEFAULT_ACTOR_ISOLATION = MainActor;
				SWIFT_EMIT_LOC_STRINGS = YES;
				SWIFT_UPCOMING_FEATURE_MEMBER_IMPORT_VISIBILITY = YES;
				SWIFT_VERSION = 5.0;
				TARGETED_DEVICE_FAMILY = "1,2";
			};
			name = Debug;
		};
		EC4B91D22FBB3404004552F5 /* Release */ = {
			isa = XCBuildConfiguration;
			buildSettings = {
				ASSETCATALOG_COMPILER_APPICON_NAME = AppIcon;
				ASSETCATALOG_COMPILER_GLOBAL_ACCENT_COLOR_NAME = AccentColor;
				CODE_SIGN_STYLE = Automatic;
				CURRENT_PROJECT_VERSION = 1;
				DEVELOPMENT_TEAM = AT9KX3ZBW6;
				ENABLE_PREVIEWS = YES;
				GENERATE_INFOPLIST_FILE = YES;
				INFOPLIST_FILE = "Multipeer-Connectivity-Example-Info.plist";
				INFOPLIST_KEY_NSLocalNetworkUsageDescription = "주변 기기와 데이터를 안전하게 주고받기 위해 로컬 네트워크 권한이 필요합니다.";
				INFOPLIST_KEY_UIApplicationSceneManifest_Generation = YES;
				INFOPLIST_KEY_UIApplicationSupportsIndirectInputEvents = YES;
				INFOPLIST_KEY_UILaunchScreen_Generation = YES;
				INFOPLIST_KEY_UISupportedInterfaceOrientations_iPad = "UIInterfaceOrientationPortrait UIInterfaceOrientationPortraitUpsideDown UIInterfaceOrientationLandscapeLeft UIInterfaceOrientationLandscapeRight";
				INFOPLIST_KEY_UISupportedInterfaceOrientations_iPhone = "UIInterfaceOrientationPortrait UIInterfaceOrientationLandscapeLeft UIInterfaceOrientationLandscapeRight";
				LD_RUNPATH_SEARCH_PATHS = (
					"$(inherited)",
					"@executable_path/Frameworks",
				);
				MARKETING_VERSION = 1.0;
				PRODUCT_BUNDLE_IDENTIFIER = "com.rossi.Multipeer-Connectivity-Example";
				PRODUCT_NAME = "$(TARGET_NAME)";
				STRING_CATALOG_GENERATE_SYMBOLS = YES;
				SWIFT_APPROACHABLE_CONCURRENCY = YES;
				SWIFT_DEFAULT_ACTOR_ISOLATION = MainActor;
				SWIFT_EMIT_LOC_STRINGS = YES;
				SWIFT_UPCOMING_FEATURE_MEMBER_IMPORT_VISIBILITY = YES;
				SWIFT_VERSION = 5.0;
				TARGETED_DEVICE_FAMILY = "1,2";
			};
			name = Release;
		};
		EC4B91D42FBB3404004552F5 /* Debug */ = {
			isa = XCBuildConfiguration;
			buildSettings = {
				BUNDLE_LOADER = "$(TEST_HOST)";
				CODE_SIGN_STYLE = Automatic;
				CURRENT_PROJECT_VERSION = 1;
				DEVELOPMENT_TEAM = AT9KX3ZBW6;
				GENERATE_INFOPLIST_FILE = YES;
				IPHONEOS_DEPLOYMENT_TARGET = 26.4;
				MARKETING_VERSION = 1.0;
				PRODUCT_BUNDLE_IDENTIFIER = "com.rossi.Multipeer-Connectivity-ExampleTests";
				PRODUCT_NAME = "$(TARGET_NAME)";
				STRING_CATALOG_GENERATE_SYMBOLS = NO;
				SWIFT_APPROACHABLE_CONCURRENCY = YES;
				SWIFT_EMIT_LOC_STRINGS = NO;
				SWIFT_UPCOMING_FEATURE_MEMBER_IMPORT_VISIBILITY = YES;
				SWIFT_VERSION = 5.0;
				TARGETED_DEVICE_FAMILY = "1,2";
				TEST_HOST = "$(BUILT_PRODUCTS_DIR)/Multipeer Connectivity Example.app/$(BUNDLE_EXECUTABLE_FOLDER_PATH)/Multipeer Connectivity Example";
			};
			name = Debug;
		};
		EC4B91D52FBB3404004552F5 /* Release */ = {
			isa = XCBuildConfiguration;
			buildSettings = {
				BUNDLE_LOADER = "$(TEST_HOST)";
				CODE_SIGN_STYLE = Automatic;
				CURRENT_PROJECT_VERSION = 1;
				DEVELOPMENT_TEAM = AT9KX3ZBW6;
				GENERATE_INFOPLIST_FILE = YES;
				IPHONEOS_DEPLOYMENT_TARGET = 26.4;
				MARKETING_VERSION = 1.0;
				PRODUCT_BUNDLE_IDENTIFIER = "com.rossi.Multipeer-Connectivity-ExampleTests";
				PRODUCT_NAME = "$(TARGET_NAME)";
				STRING_CATALOG_GENERATE_SYMBOLS = NO;
				SWIFT_APPROACHABLE_CONCURRENCY = YES;
				SWIFT_EMIT_LOC_STRINGS = NO;
				SWIFT_UPCOMING_FEATURE_MEMBER_IMPORT_VISIBILITY = YES;
				SWIFT_VERSION = 5.0;
				TARGETED_DEVICE_FAMILY = "1,2";
				TEST_HOST = "$(BUILT_PRODUCTS_DIR)/Multipeer Connectivity Example.app/$(BUNDLE_EXECUTABLE_FOLDER_PATH)/Multipeer Connectivity Example";
			};
			name = Release;
		};
		EC4B91D72FBB3404004552F5 /* Debug */ = {
			isa = XCBuildConfiguration;
			buildSettings = {
				CODE_SIGN_STYLE = Automatic;
				CURRENT_PROJECT_VERSION = 1;
				DEVELOPMENT_TEAM = AT9KX3ZBW6;
				GENERATE_INFOPLIST_FILE = YES;
				MARKETING_VERSION = 1.0;
				PRODUCT_BUNDLE_IDENTIFIER = "com.rossi.Multipeer-Connectivity-ExampleUITests";
				PRODUCT_NAME = "$(TARGET_NAME)";
				STRING_CATALOG_GENERATE_SYMBOLS = NO;
				SWIFT_APPROACHABLE_CONCURRENCY = YES;
				SWIFT_EMIT_LOC_STRINGS = NO;
				SWIFT_UPCOMING_FEATURE_MEMBER_IMPORT_VISIBILITY = YES;
				SWIFT_VERSION = 5.0;
				TARGETED_DEVICE_FAMILY = "1,2";
				TEST_TARGET_NAME = "Multipeer Connectivity Example";
			};
			name = Debug;
		};
		EC4B91D82FBB3404004552F5 /* Release */ = {
			isa = XCBuildConfiguration;
			buildSettings = {
				CODE_SIGN_STYLE = Automatic;
				CURRENT_PROJECT_VERSION = 1;
				DEVELOPMENT_TEAM = AT9KX3ZBW6;
				GENERATE_INFOPLIST_FILE = YES;
				MARKETING_VERSION = 1.0;
				PRODUCT_BUNDLE_IDENTIFIER = "com.rossi.Multipeer-Connectivity-ExampleUITests";
				PRODUCT_NAME = "$(TARGET_NAME)";
				STRING_CATALOG_GENERATE_SYMBOLS = NO;
				SWIFT_APPROACHABLE_CONCURRENCY = YES;
				SWIFT_EMIT_LOC_STRINGS = NO;
				SWIFT_UPCOMING_FEATURE_MEMBER_IMPORT_VISIBILITY = YES;
				SWIFT_VERSION = 5.0;
				TARGETED_DEVICE_FAMILY = "1,2";
				TEST_TARGET_NAME = "Multipeer Connectivity Example";
			};
			name = Release;
		};
/* End XCBuildConfiguration section */

/* Begin XCConfigurationList section */
		EC4B91AA2FBB3403004552F5 /* Build configuration list for PBXProject "Multipeer Connectivity Example" */ = {
			isa = XCConfigurationList;
			buildConfigurations = (
				EC4B91CE2FBB3404004552F5 /* Debug */,
				EC4B91CF2FBB3404004552F5 /* Release */,
			);
			defaultConfigurationIsVisible = 0;
			defaultConfigurationName = Release;
		};
		EC4B91D02FBB3404004552F5 /* Build configuration list for PBXNativeTarget "Multipeer Connectivity Example" */ = {
			isa = XCConfigurationList;
			buildConfigurations = (
				EC4B91D12FBB3404004552F5 /* Debug */,
				EC4B91D22FBB3404004552F5 /* Release */,
			);
			defaultConfigurationIsVisible = 0;
			defaultConfigurationName = Release;
		};
		EC4B91D32FBB3404004552F5 /* Build configuration list for PBXNativeTarget "Multipeer Connectivity ExampleTests" */ = {
			isa = XCConfigurationList;
			buildConfigurations = (
				EC4B91D42FBB3404004552F5 /* Debug */,
				EC4B91D52FBB3404004552F5 /* Release */,
			);
			defaultConfigurationIsVisible = 0;
			defaultConfigurationName = Release;
		};
		EC4B91D62FBB3404004552F5 /* Build configuration list for PBXNativeTarget "Multipeer Connectivity ExampleUITests" */ = {
			isa = XCConfigurationList;
			buildConfigurations = (
				EC4B91D72FBB3404004552F5 /* Debug */,
				EC4B91D82FBB3404004552F5 /* Release */,
			);
			defaultConfigurationIsVisible = 0;
			defaultConfigurationName = Release;
		};
/* End XCConfigurationList section */
	};
	rootObject = EC4B91A72FBB3403004552F5 /* Project object */;
}
